
Microsoft Visual Studio Solution File, Format Version 12.00
# Visual Studio Version 17
VisualStudioVersion = 17.14.36616.10 d17.14
MinimumVisualStudioVersion = 10.0.40219.1
Project("{FAE04EC0-301F-11D3-BF4B-00C04F79EFBC}") = "Nalab_IPT101_WPF", "Nalab_IPT101_WPF\Nalab_IPT101_WPF.csproj", "{7C178A3C-48F6-4401-A548-A220A9658FFD}"
EndProject
Global
	GlobalSection(SolutionConfigurationPlatforms) = preSolution
		Debug|Any CPU = Debug|Any CPU
		Release|Any CPU = Release|Any CPU
	EndGlobalSection
	GlobalSection(ProjectConfigurationPlatforms) = postSolution
		{7C178A3C-48F6-4401-A548-A220A9658FFD}.Debug|Any CPU.ActiveCfg = Debug|Any CPU
		{7C178A3C-48F6-4401-A548-A220A9658FFD}.Debug|Any CPU.Build.0 = Debug|Any CPU
		{7C178A3C-48F6-4401-A548-A220A9658FFD}.Release|Any CPU.ActiveCfg = Release|Any CPU
		{7C178A3C-48F6-4401-A548-A220A9658FFD}.Release|Any CPU.Build.0 = Release|Any CPU
	EndGlobalSection
	GlobalSection(SolutionProperties) = preSolution
		HideSolutionNode = FALSE
	EndGlobalSection
	GlobalSection(ExtensibilityGlobals) = postSolution
		SolutionGuid = {D1C4E0C1-FCC3-40C9-B30D-C4503393F285}
	EndGlobalSection
EndGlobal
